
Microsoft Visual Studio Solution File, Format Version 12.00
# Visual Studio 14
VisualStudioVersion = 14.0.25420.1
MinimumVisualStudioVersion = 10.0.40219.1
Project("{FAE04EC0-301F-11D3-BF4B-00C04F79EFBC}") = "Ceriyo.Game.Windows", "Ceriyo.Game.Windows\Ceriyo.Game.Windows.csproj", "{73D89C4E-DA01-423E-82CA-FB3807353BA2}"
	ProjectSection(ProjectDependencies) = postProject
		{2038979D-E700-4B17-AFD1-8ED4DAFF14B1} = {2038979D-E700-4B17-AFD1-8ED4DAFF14B1}
	EndProjectSection
EndProject
Project("{2150E333-8FDC-42A3-9474-1A3956D46DE8}") = "99. Content", "99. Content", "{E79413C8-2AC2-41DA-ABB3-099443EDAAD7}"
EndProject
Project("{2150E333-8FDC-42A3-9474-1A3956D46DE8}") = "1. Tests", "1. Tests", "{F918EAF0-BB96-47FF-B790-C732EF6CB620}"
EndProject
Project("{2150E333-8FDC-42A3-9474-1A3956D46DE8}") = "2. Applications", "2. Applications", "{95932C5A-383D-4514-BE42-B5ED179B86B1}"
EndProject
Project("{2150E333-8FDC-42A3-9474-1A3956D46DE8}") = "3. Infrastructure", "3. Infrastructure", "{73A11BAC-C071-4999-81E6-924A0BCCBB29}"
EndProject
Project("{2150E333-8FDC-42A3-9474-1A3956D46DE8}") = "4. Domain Services", "4. Domain Services", "{99BB9B8B-35EB-454B-804B-7745BAE6E682}"
EndProject
Project("{2150E333-8FDC-42A3-9474-1A3956D46DE8}") = "5. Core", "5. Core", "{348B6769-457E-4107-8658-8E1E2F3D7353}"
EndProject
Project("{FAE04EC0-301F-11D3-BF4B-00C04F79EFBC}") = "Ceriyo.Toolset.WPF", "Ceriyo.Toolset.WPF\Ceriyo.Toolset.WPF.csproj", "{DC97DBF1-4042-48C5-950E-06B50C411D60}"
EndProject
Project("{FAE04EC0-301F-11D3-BF4B-00C04F79EFBC}") = "Ceriyo.Server.WPF", "Ceriyo.Server.WPF\Ceriyo.Server.WPF.csproj", "{4E98C600-B2F7-494E-83DB-9AF6FF075D9D}"
EndProject
Project("{FAE04EC0-301F-11D3-BF4B-00C04F79EFBC}") = "Ceriyo.Infrastructure", "Ceriyo.Infrastructure\Ceriyo.Infrastructure.csproj", "{BBC7E2F5-D48A-424A-8DF1-3633387FD137}"
EndProject
Project("{FAE04EC0-301F-11D3-BF4B-00C04F79EFBC}") = "Ceriyo.Domain.Services", "Ceriyo.Domain.Services\Ceriyo.Domain.Services.csproj", "{019A2BA4-5373-4003-986B-EF85C0DF3BBA}"
EndProject
Project("{FAE04EC0-301F-11D3-BF4B-00C04F79EFBC}") = "Ceriyo.Core", "Ceriyo.Core\Ceriyo.Core.csproj", "{552B7FD3-DEF9-433E-A069-771CCDBC3C58}"
EndProject
Project("{FAE04EC0-301F-11D3-BF4B-00C04F79EFBC}") = "Ceriyo.Game.Windows.Tests", "Ceriyo.Game.Windows.Tests\Ceriyo.Game.Windows.Tests.csproj", "{281D4316-0254-44EC-8C92-DE065E209FE5}"
EndProject
Project("{FAE04EC0-301F-11D3-BF4B-00C04F79EFBC}") = "Ceriyo.Server.WPF.Tests", "Ceriyo.Server.WPF.Tests\Ceriyo.Server.WPF.Tests.csproj", "{8795BE6A-D6A6-4859-BCBB-838F58F8E076}"
EndProject
Project("{FAE04EC0-301F-11D3-BF4B-00C04F79EFBC}") = "Ceriyo.Toolset.WPF.Tests", "Ceriyo.Toolset.WPF.Tests\Ceriyo.Toolset.WPF.Tests.csproj", "{BF703E97-828F-4102-850B-E862FA20DCDB}"
EndProject
Project("{FAE04EC0-301F-11D3-BF4B-00C04F79EFBC}") = "Ceriyo.Infrastructure.Tests", "Ceriyo.Infrastructure.Tests\Ceriyo.Infrastructure.Tests.csproj", "{A9A30D6A-6572-4111-96FF-C014D15E41A1}"
EndProject
Project("{FAE04EC0-301F-11D3-BF4B-00C04F79EFBC}") = "Ceriyo.Domain.Services.Tests", "Ceriyo.Domain.Services.Tests\Ceriyo.Domain.Services.Tests.csproj", "{C2793E42-32EF-43C1-906A-79F8A913EE78}"
EndProject
Project("{FAE04EC0-301F-11D3-BF4B-00C04F79EFBC}") = "Ceriyo.Core.Tests", "Ceriyo.Core.Tests\Ceriyo.Core.Tests.csproj", "{899A0AAD-F2C9-4A29-B7BD-A787513FB216}"
EndProject
Project("{FAE04EC0-301F-11D3-BF4B-00C04F79EFBC}") = "Ceriyo.Content", "Ceriyo.Content\Ceriyo.Content.csproj", "{A59BD6D2-8E98-4A48-9528-DEC1139994A1}"
EndProject
Project("{FAE04EC0-301F-11D3-BF4B-00C04F79EFBC}") = "Ceriyo.Infrastructure.WPF", "Ceriyo.Infrastructure.WPF\Ceriyo.Infrastructure.WPF.csproj", "{13AA8344-A9A0-4E9C-BA97-3441A85AD8C4}"
EndProject
Project("{FAE04EC0-301F-11D3-BF4B-00C04F79EFBC}") = "Ceriyo.Infrastructure.WPF.Tests", "Ceriyo.Infrastructure.WPF.Tests\Ceriyo.Infrastructure.WPF.Tests.csproj", "{5D974590-964C-4F73-A60E-1A0BE116E017}"
EndProject
Project("{FAE04EC0-301F-11D3-BF4B-00C04F79EFBC}") = "Ceriyo.Testing.Shared", "Ceriyo.Testing.Shared\Ceriyo.Testing.Shared.csproj", "{37F35DF8-F4DC-48BA-86E2-4AFF57BFD78A}"
EndProject
Project("{FAE04EC0-301F-11D3-BF4B-00C04F79EFBC}") = "Ceriyo.Tools.UIGenerator", "Ceriyo.Tools.UIGenerator\Ceriyo.Tools.UIGenerator.csproj", "{2038979D-E700-4B17-AFD1-8ED4DAFF14B1}"
EndProject
Project("{2150E333-8FDC-42A3-9474-1A3956D46DE8}") = "0. Tools", "0. Tools", "{C3E5F5BA-7E46-4997-816E-A00518C43828}"
EndProject
Project("{2150E333-8FDC-42A3-9474-1A3956D46DE8}") = "Solution Items", "Solution Items", "{DF09A78E-3372-4D3B-84BE-47321729513C}"
	ProjectSection(SolutionItems) = preProject
		Content.mgcb = Content.mgcb
	EndProjectSection
EndProject
Global
	GlobalSection(SolutionConfigurationPlatforms) = preSolution
		Debug|x86 = Debug|x86
		Release|x86 = Release|x86
	EndGlobalSection
	GlobalSection(ProjectConfigurationPlatforms) = postSolution
		{73D89C4E-DA01-423E-82CA-FB3807353BA2}.Debug|x86.ActiveCfg = Debug|x86
		{73D89C4E-DA01-423E-82CA-FB3807353BA2}.Debug|x86.Build.0 = Debug|x86
		{73D89C4E-DA01-423E-82CA-FB3807353BA2}.Release|x86.ActiveCfg = Release|x86
		{73D89C4E-DA01-423E-82CA-FB3807353BA2}.Release|x86.Build.0 = Release|x86
		{DC97DBF1-4042-48C5-950E-06B50C411D60}.Debug|x86.ActiveCfg = Debug|x86
		{DC97DBF1-4042-48C5-950E-06B50C411D60}.Debug|x86.Build.0 = Debug|x86
		{DC97DBF1-4042-48C5-950E-06B50C411D60}.Release|x86.ActiveCfg = Release|x86
		{DC97DBF1-4042-48C5-950E-06B50C411D60}.Release|x86.Build.0 = Release|x86
		{4E98C600-B2F7-494E-83DB-9AF6FF075D9D}.Debug|x86.ActiveCfg = Debug|x86
		{4E98C600-B2F7-494E-83DB-9AF6FF075D9D}.Debug|x86.Build.0 = Debug|x86
		{4E98C600-B2F7-494E-83DB-9AF6FF075D9D}.Release|x86.ActiveCfg = Release|x86
		{4E98C600-B2F7-494E-83DB-9AF6FF075D9D}.Release|x86.Build.0 = Release|x86
		{BBC7E2F5-D48A-424A-8DF1-3633387FD137}.Debug|x86.ActiveCfg = Debug|x86
		{BBC7E2F5-D48A-424A-8DF1-3633387FD137}.Debug|x86.Build.0 = Debug|x86
		{BBC7E2F5-D48A-424A-8DF1-3633387FD137}.Release|x86.ActiveCfg = Release|x86
		{BBC7E2F5-D48A-424A-8DF1-3633387FD137}.Release|x86.Build.0 = Release|x86
		{019A2BA4-5373-4003-986B-EF85C0DF3BBA}.Debug|x86.ActiveCfg = Debug|x86
		{019A2BA4-5373-4003-986B-EF85C0DF3BBA}.Debug|x86.Build.0 = Debug|x86
		{019A2BA4-5373-4003-986B-EF85C0DF3BBA}.Release|x86.ActiveCfg = Release|x86
		{019A2BA4-5373-4003-986B-EF85C0DF3BBA}.Release|x86.Build.0 = Release|x86
		{552B7FD3-DEF9-433E-A069-771CCDBC3C58}.Debug|x86.ActiveCfg = Debug|x86
		{552B7FD3-DEF9-433E-A069-771CCDBC3C58}.Debug|x86.Build.0 = Debug|x86
		{552B7FD3-DEF9-433E-A069-771CCDBC3C58}.Release|x86.ActiveCfg = Release|x86
		{552B7FD3-DEF9-433E-A069-771CCDBC3C58}.Release|x86.Build.0 = Release|x86
		{281D4316-0254-44EC-8C92-DE065E209FE5}.Debug|x86.ActiveCfg = Debug|x86
		{281D4316-0254-44EC-8C92-DE065E209FE5}.Debug|x86.Build.0 = Debug|x86
		{281D4316-0254-44EC-8C92-DE065E209FE5}.Release|x86.ActiveCfg = Release|x86
		{281D4316-0254-44EC-8C92-DE065E209FE5}.Release|x86.Build.0 = Release|x86
		{8795BE6A-D6A6-4859-BCBB-838F58F8E076}.Debug|x86.ActiveCfg = Debug|x86
		{8795BE6A-D6A6-4859-BCBB-838F58F8E076}.Debug|x86.Build.0 = Debug|x86
		{8795BE6A-D6A6-4859-BCBB-838F58F8E076}.Release|x86.ActiveCfg = Release|x86
		{8795BE6A-D6A6-4859-BCBB-838F58F8E076}.Release|x86.Build.0 = Release|x86
		{BF703E97-828F-4102-850B-E862FA20DCDB}.Debug|x86.ActiveCfg = Debug|x86
		{BF703E97-828F-4102-850B-E862FA20DCDB}.Debug|x86.Build.0 = Debug|x86
		{BF703E97-828F-4102-850B-E862FA20DCDB}.Release|x86.ActiveCfg = Release|x86
		{BF703E97-828F-4102-850B-E862FA20DCDB}.Release|x86.Build.0 = Release|x86
		{A9A30D6A-6572-4111-96FF-C014D15E41A1}.Debug|x86.ActiveCfg = Debug|x86
		{A9A30D6A-6572-4111-96FF-C014D15E41A1}.Debug|x86.Build.0 = Debug|x86
		{A9A30D6A-6572-4111-96FF-C014D15E41A1}.Release|x86.ActiveCfg = Release|x86
		{A9A30D6A-6572-4111-96FF-C014D15E41A1}.Release|x86.Build.0 = Release|x86
		{C2793E42-32EF-43C1-906A-79F8A913EE78}.Debug|x86.ActiveCfg = Debug|x86
		{C2793E42-32EF-43C1-906A-79F8A913EE78}.Debug|x86.Build.0 = Debug|x86
		{C2793E42-32EF-43C1-906A-79F8A913EE78}.Release|x86.ActiveCfg = Release|x86
		{C2793E42-32EF-43C1-906A-79F8A913EE78}.Release|x86.Build.0 = Release|x86
		{899A0AAD-F2C9-4A29-B7BD-A787513FB216}.Debug|x86.ActiveCfg = Debug|x86
		{899A0AAD-F2C9-4A29-B7BD-A787513FB216}.Debug|x86.Build.0 = Debug|x86
		{899A0AAD-F2C9-4A29-B7BD-A787513FB216}.Release|x86.ActiveCfg = Release|x86
		{899A0AAD-F2C9-4A29-B7BD-A787513FB216}.Release|x86.Build.0 = Release|x86
		{A59BD6D2-8E98-4A48-9528-DEC1139994A1}.Debug|x86.ActiveCfg = Debug|x86
		{A59BD6D2-8E98-4A48-9528-DEC1139994A1}.Debug|x86.Build.0 = Debug|x86
		{A59BD6D2-8E98-4A48-9528-DEC1139994A1}.Release|x86.ActiveCfg = Release|x86
		{A59BD6D2-8E98-4A48-9528-DEC1139994A1}.Release|x86.Build.0 = Release|x86
		{13AA8344-A9A0-4E9C-BA97-3441A85AD8C4}.Debug|x86.ActiveCfg = Debug|x86
		{13AA8344-A9A0-4E9C-BA97-3441A85AD8C4}.Debug|x86.Build.0 = Debug|x86
		{13AA8344-A9A0-4E9C-BA97-3441A85AD8C4}.Release|x86.ActiveCfg = Release|x86
		{13AA8344-A9A0-4E9C-BA97-3441A85AD8C4}.Release|x86.Build.0 = Release|x86
		{5D974590-964C-4F73-A60E-1A0BE116E017}.Debug|x86.ActiveCfg = Debug|x86
		{5D974590-964C-4F73-A60E-1A0BE116E017}.Debug|x86.Build.0 = Debug|x86
		{5D974590-964C-4F73-A60E-1A0BE116E017}.Release|x86.ActiveCfg = Release|x86
		{5D974590-964C-4F73-A60E-1A0BE116E017}.Release|x86.Build.0 = Release|x86
		{37F35DF8-F4DC-48BA-86E2-4AFF57BFD78A}.Debug|x86.ActiveCfg = Debug|x86
		{37F35DF8-F4DC-48BA-86E2-4AFF57BFD78A}.Debug|x86.Build.0 = Debug|x86
		{37F35DF8-F4DC-48BA-86E2-4AFF57BFD78A}.Release|x86.ActiveCfg = Release|x86
		{37F35DF8-F4DC-48BA-86E2-4AFF57BFD78A}.Release|x86.Build.0 = Release|x86
		{2038979D-E700-4B17-AFD1-8ED4DAFF14B1}.Debug|x86.ActiveCfg = Debug|x86
		{2038979D-E700-4B17-AFD1-8ED4DAFF14B1}.Debug|x86.Build.0 = Debug|x86
		{2038979D-E700-4B17-AFD1-8ED4DAFF14B1}.Release|x86.ActiveCfg = Release|x86
		{2038979D-E700-4B17-AFD1-8ED4DAFF14B1}.Release|x86.Build.0 = Release|x86
	EndGlobalSection
	GlobalSection(SolutionProperties) = preSolution
		HideSolutionNode = FALSE
	EndGlobalSection
	GlobalSection(NestedProjects) = preSolution
		{73D89C4E-DA01-423E-82CA-FB3807353BA2} = {95932C5A-383D-4514-BE42-B5ED179B86B1}
		{DC97DBF1-4042-48C5-950E-06B50C411D60} = {95932C5A-383D-4514-BE42-B5ED179B86B1}
		{4E98C600-B2F7-494E-83DB-9AF6FF075D9D} = {95932C5A-383D-4514-BE42-B5ED179B86B1}
		{BBC7E2F5-D48A-424A-8DF1-3633387FD137} = {73A11BAC-C071-4999-81E6-924A0BCCBB29}
		{019A2BA4-5373-4003-986B-EF85C0DF3BBA} = {99BB9B8B-35EB-454B-804B-7745BAE6E682}
		{552B7FD3-DEF9-433E-A069-771CCDBC3C58} = {348B6769-457E-4107-8658-8E1E2F3D7353}
		{281D4316-0254-44EC-8C92-DE065E209FE5} = {F918EAF0-BB96-47FF-B790-C732EF6CB620}
		{8795BE6A-D6A6-4859-BCBB-838F58F8E076} = {F918EAF0-BB96-47FF-B790-C732EF6CB620}
		{BF703E97-828F-4102-850B-E862FA20DCDB} = {F918EAF0-BB96-47FF-B790-C732EF6CB620}
		{A9A30D6A-6572-4111-96FF-C014D15E41A1} = {F918EAF0-BB96-47FF-B790-C732EF6CB620}
		{C2793E42-32EF-43C1-906A-79F8A913EE78} = {F918EAF0-BB96-47FF-B790-C732EF6CB620}
		{899A0AAD-F2C9-4A29-B7BD-A787513FB216} = {F918EAF0-BB96-47FF-B790-C732EF6CB620}
		{A59BD6D2-8E98-4A48-9528-DEC1139994A1} = {E79413C8-2AC2-41DA-ABB3-099443EDAAD7}
		{13AA8344-A9A0-4E9C-BA97-3441A85AD8C4} = {73A11BAC-C071-4999-81E6-924A0BCCBB29}
		{5D974590-964C-4F73-A60E-1A0BE116E017} = {F918EAF0-BB96-47FF-B790-C732EF6CB620}
		{37F35DF8-F4DC-48BA-86E2-4AFF57BFD78A} = {F918EAF0-BB96-47FF-B790-C732EF6CB620}
		{2038979D-E700-4B17-AFD1-8ED4DAFF14B1} = {C3E5F5BA-7E46-4997-816E-A00518C43828}
	EndGlobalSection
EndGlobal
