
Microsoft Visual Studio Solution File, Format Version 12.00
# Visual Studio 2012
Project("{FAE04EC0-301F-11D3-BF4B-00C04F79EFBC}") = "Ceriyo", "Ceriyo\Ceriyo\Ceriyo.csproj", "{649DE040-99C6-4838-ADA3-533D0DBD4325}"
EndProject
Project("{FAE04EC0-301F-11D3-BF4B-00C04F79EFBC}") = "CeriyoContent", "Ceriyo\CeriyoContent\CeriyoContent.contentproj", "{64B23BEF-DD26-4B81-AAA6-D9F46B0140B4}"
EndProject
Project("{FAE04EC0-301F-11D3-BF4B-00C04F79EFBC}") = "Ceriyo.Data", "Ceriyo.Data\Ceriyo.Data.csproj", "{26E4C8B8-A8C4-4B77-BEC7-E6149473EEFB}"
EndProject
Project("{FAE04EC0-301F-11D3-BF4B-00C04F79EFBC}") = "Ceriyo.Toolset", "Ceriyo.Toolset\Ceriyo.Toolset.csproj", "{E5741628-73FF-4007-ADA0-D993C2C9126A}"
EndProject
Project("{FAE04EC0-301F-11D3-BF4B-00C04F79EFBC}") = "Ceriyo.Server", "Ceriyo.Server\Ceriyo.Server.csproj", "{765DC8F4-91EC-4275-A907-790DD87E5114}"
EndProject
Project("{FAE04EC0-301F-11D3-BF4B-00C04F79EFBC}") = "Ceriyo.Library", "Ceriyo.Library\Ceriyo.Library.csproj", "{F9AB9DD8-A342-4D58-BBB9-E15184E7F522}"
EndProject
Global
	GlobalSection(SolutionConfigurationPlatforms) = preSolution
		Debug|Any CPU = Debug|Any CPU
		Debug|Mixed Platforms = Debug|Mixed Platforms
		Debug|x86 = Debug|x86
		DebugProfile|Any CPU = DebugProfile|Any CPU
		DebugProfile|Mixed Platforms = DebugProfile|Mixed Platforms
		DebugProfile|x86 = DebugProfile|x86
		Profile|Any CPU = Profile|Any CPU
		Profile|Mixed Platforms = Profile|Mixed Platforms
		Profile|x86 = Profile|x86
		Release|Any CPU = Release|Any CPU
		Release|Mixed Platforms = Release|Mixed Platforms
		Release|x86 = Release|x86
	EndGlobalSection
	GlobalSection(ProjectConfigurationPlatforms) = postSolution
		{649DE040-99C6-4838-ADA3-533D0DBD4325}.Debug|Any CPU.ActiveCfg = Debug|x86
		{649DE040-99C6-4838-ADA3-533D0DBD4325}.Debug|Mixed Platforms.ActiveCfg = Debug|x86
		{649DE040-99C6-4838-ADA3-533D0DBD4325}.Debug|Mixed Platforms.Build.0 = Debug|x86
		{649DE040-99C6-4838-ADA3-533D0DBD4325}.Debug|x86.ActiveCfg = Debug|x86
		{649DE040-99C6-4838-ADA3-533D0DBD4325}.Debug|x86.Build.0 = Debug|x86
		{649DE040-99C6-4838-ADA3-533D0DBD4325}.DebugProfile|Any CPU.ActiveCfg = Debug|x86
		{649DE040-99C6-4838-ADA3-533D0DBD4325}.DebugProfile|Mixed Platforms.ActiveCfg = Debug|x86
		{649DE040-99C6-4838-ADA3-533D0DBD4325}.DebugProfile|Mixed Platforms.Build.0 = Debug|x86
		{649DE040-99C6-4838-ADA3-533D0DBD4325}.DebugProfile|x86.ActiveCfg = Debug|x86
		{649DE040-99C6-4838-ADA3-533D0DBD4325}.DebugProfile|x86.Build.0 = Debug|x86
		{649DE040-99C6-4838-ADA3-533D0DBD4325}.Profile|Any CPU.ActiveCfg = Release|x86
		{649DE040-99C6-4838-ADA3-533D0DBD4325}.Profile|Mixed Platforms.ActiveCfg = Release|x86
		{649DE040-99C6-4838-ADA3-533D0DBD4325}.Profile|Mixed Platforms.Build.0 = Release|x86
		{649DE040-99C6-4838-ADA3-533D0DBD4325}.Profile|x86.ActiveCfg = Release|x86
		{649DE040-99C6-4838-ADA3-533D0DBD4325}.Profile|x86.Build.0 = Release|x86
		{649DE040-99C6-4838-ADA3-533D0DBD4325}.Release|Any CPU.ActiveCfg = Release|x86
		{649DE040-99C6-4838-ADA3-533D0DBD4325}.Release|Mixed Platforms.ActiveCfg = Release|x86
		{649DE040-99C6-4838-ADA3-533D0DBD4325}.Release|Mixed Platforms.Build.0 = Release|x86
		{649DE040-99C6-4838-ADA3-533D0DBD4325}.Release|x86.ActiveCfg = Release|x86
		{649DE040-99C6-4838-ADA3-533D0DBD4325}.Release|x86.Build.0 = Release|x86
		{64B23BEF-DD26-4B81-AAA6-D9F46B0140B4}.Debug|Any CPU.ActiveCfg = Debug|x86
		{64B23BEF-DD26-4B81-AAA6-D9F46B0140B4}.Debug|Mixed Platforms.ActiveCfg = Debug|x86
		{64B23BEF-DD26-4B81-AAA6-D9F46B0140B4}.Debug|x86.ActiveCfg = Debug|x86
		{64B23BEF-DD26-4B81-AAA6-D9F46B0140B4}.DebugProfile|Any CPU.ActiveCfg = Debug|x86
		{64B23BEF-DD26-4B81-AAA6-D9F46B0140B4}.DebugProfile|Mixed Platforms.ActiveCfg = Debug|x86
		{64B23BEF-DD26-4B81-AAA6-D9F46B0140B4}.DebugProfile|x86.ActiveCfg = Debug|x86
		{64B23BEF-DD26-4B81-AAA6-D9F46B0140B4}.Profile|Any CPU.ActiveCfg = Release|x86
		{64B23BEF-DD26-4B81-AAA6-D9F46B0140B4}.Profile|Mixed Platforms.ActiveCfg = Release|x86
		{64B23BEF-DD26-4B81-AAA6-D9F46B0140B4}.Profile|x86.ActiveCfg = Release|x86
		{64B23BEF-DD26-4B81-AAA6-D9F46B0140B4}.Release|Any CPU.ActiveCfg = Release|x86
		{64B23BEF-DD26-4B81-AAA6-D9F46B0140B4}.Release|Mixed Platforms.ActiveCfg = Release|x86
		{64B23BEF-DD26-4B81-AAA6-D9F46B0140B4}.Release|x86.ActiveCfg = Release|x86
		{26E4C8B8-A8C4-4B77-BEC7-E6149473EEFB}.Debug|Any CPU.ActiveCfg = Debug|Any CPU
		{26E4C8B8-A8C4-4B77-BEC7-E6149473EEFB}.Debug|Any CPU.Build.0 = Debug|Any CPU
		{26E4C8B8-A8C4-4B77-BEC7-E6149473EEFB}.Debug|Mixed Platforms.ActiveCfg = Debug|x86
		{26E4C8B8-A8C4-4B77-BEC7-E6149473EEFB}.Debug|Mixed Platforms.Build.0 = Debug|x86
		{26E4C8B8-A8C4-4B77-BEC7-E6149473EEFB}.Debug|x86.ActiveCfg = Debug|Any CPU
		{26E4C8B8-A8C4-4B77-BEC7-E6149473EEFB}.DebugProfile|Any CPU.ActiveCfg = Debug|Any CPU
		{26E4C8B8-A8C4-4B77-BEC7-E6149473EEFB}.DebugProfile|Any CPU.Build.0 = Debug|Any CPU
		{26E4C8B8-A8C4-4B77-BEC7-E6149473EEFB}.DebugProfile|Mixed Platforms.ActiveCfg = Debug|Any CPU
		{26E4C8B8-A8C4-4B77-BEC7-E6149473EEFB}.DebugProfile|Mixed Platforms.Build.0 = Debug|Any CPU
		{26E4C8B8-A8C4-4B77-BEC7-E6149473EEFB}.DebugProfile|x86.ActiveCfg = Debug|Any CPU
		{26E4C8B8-A8C4-4B77-BEC7-E6149473EEFB}.Profile|Any CPU.ActiveCfg = Release|Any CPU
		{26E4C8B8-A8C4-4B77-BEC7-E6149473EEFB}.Profile|Any CPU.Build.0 = Release|Any CPU
		{26E4C8B8-A8C4-4B77-BEC7-E6149473EEFB}.Profile|Mixed Platforms.ActiveCfg = Release|Any CPU
		{26E4C8B8-A8C4-4B77-BEC7-E6149473EEFB}.Profile|Mixed Platforms.Build.0 = Release|Any CPU
		{26E4C8B8-A8C4-4B77-BEC7-E6149473EEFB}.Profile|x86.ActiveCfg = Release|Any CPU
		{26E4C8B8-A8C4-4B77-BEC7-E6149473EEFB}.Release|Any CPU.ActiveCfg = Release|Any CPU
		{26E4C8B8-A8C4-4B77-BEC7-E6149473EEFB}.Release|Any CPU.Build.0 = Release|Any CPU
		{26E4C8B8-A8C4-4B77-BEC7-E6149473EEFB}.Release|Mixed Platforms.ActiveCfg = Release|Any CPU
		{26E4C8B8-A8C4-4B77-BEC7-E6149473EEFB}.Release|Mixed Platforms.Build.0 = Release|Any CPU
		{26E4C8B8-A8C4-4B77-BEC7-E6149473EEFB}.Release|x86.ActiveCfg = Release|Any CPU
		{E5741628-73FF-4007-ADA0-D993C2C9126A}.Debug|Any CPU.ActiveCfg = Debug|Any CPU
		{E5741628-73FF-4007-ADA0-D993C2C9126A}.Debug|Any CPU.Build.0 = Debug|Any CPU
		{E5741628-73FF-4007-ADA0-D993C2C9126A}.Debug|Mixed Platforms.ActiveCfg = Debug|x86
		{E5741628-73FF-4007-ADA0-D993C2C9126A}.Debug|Mixed Platforms.Build.0 = Debug|x86
		{E5741628-73FF-4007-ADA0-D993C2C9126A}.Debug|x86.ActiveCfg = Debug|Any CPU
		{E5741628-73FF-4007-ADA0-D993C2C9126A}.DebugProfile|Any CPU.ActiveCfg = Debug|Any CPU
		{E5741628-73FF-4007-ADA0-D993C2C9126A}.DebugProfile|Any CPU.Build.0 = Debug|Any CPU
		{E5741628-73FF-4007-ADA0-D993C2C9126A}.DebugProfile|Mixed Platforms.ActiveCfg = Debug|Any CPU
		{E5741628-73FF-4007-ADA0-D993C2C9126A}.DebugProfile|Mixed Platforms.Build.0 = Debug|Any CPU
		{E5741628-73FF-4007-ADA0-D993C2C9126A}.DebugProfile|x86.ActiveCfg = Debug|Any CPU
		{E5741628-73FF-4007-ADA0-D993C2C9126A}.Profile|Any CPU.ActiveCfg = Release|Any CPU
		{E5741628-73FF-4007-ADA0-D993C2C9126A}.Profile|Any CPU.Build.0 = Release|Any CPU
		{E5741628-73FF-4007-ADA0-D993C2C9126A}.Profile|Mixed Platforms.ActiveCfg = Release|Any CPU
		{E5741628-73FF-4007-ADA0-D993C2C9126A}.Profile|Mixed Platforms.Build.0 = Release|Any CPU
		{E5741628-73FF-4007-ADA0-D993C2C9126A}.Profile|x86.ActiveCfg = Release|Any CPU
		{E5741628-73FF-4007-ADA0-D993C2C9126A}.Release|Any CPU.ActiveCfg = Release|Any CPU
		{E5741628-73FF-4007-ADA0-D993C2C9126A}.Release|Any CPU.Build.0 = Release|Any CPU
		{E5741628-73FF-4007-ADA0-D993C2C9126A}.Release|Mixed Platforms.ActiveCfg = Release|Any CPU
		{E5741628-73FF-4007-ADA0-D993C2C9126A}.Release|Mixed Platforms.Build.0 = Release|Any CPU
		{E5741628-73FF-4007-ADA0-D993C2C9126A}.Release|x86.ActiveCfg = Release|Any CPU
		{765DC8F4-91EC-4275-A907-790DD87E5114}.Debug|Any CPU.ActiveCfg = Debug|Any CPU
		{765DC8F4-91EC-4275-A907-790DD87E5114}.Debug|Any CPU.Build.0 = Debug|Any CPU
		{765DC8F4-91EC-4275-A907-790DD87E5114}.Debug|Mixed Platforms.ActiveCfg = Debug|x86
		{765DC8F4-91EC-4275-A907-790DD87E5114}.Debug|Mixed Platforms.Build.0 = Debug|x86
		{765DC8F4-91EC-4275-A907-790DD87E5114}.Debug|x86.ActiveCfg = Debug|Any CPU
		{765DC8F4-91EC-4275-A907-790DD87E5114}.DebugProfile|Any CPU.ActiveCfg = Debug|Any CPU
		{765DC8F4-91EC-4275-A907-790DD87E5114}.DebugProfile|Any CPU.Build.0 = Debug|Any CPU
		{765DC8F4-91EC-4275-A907-790DD87E5114}.DebugProfile|Mixed Platforms.ActiveCfg = Debug|Any CPU
		{765DC8F4-91EC-4275-A907-790DD87E5114}.DebugProfile|Mixed Platforms.Build.0 = Debug|Any CPU
		{765DC8F4-91EC-4275-A907-790DD87E5114}.DebugProfile|x86.ActiveCfg = Debug|Any CPU
		{765DC8F4-91EC-4275-A907-790DD87E5114}.Profile|Any CPU.ActiveCfg = Release|Any CPU
		{765DC8F4-91EC-4275-A907-790DD87E5114}.Profile|Any CPU.Build.0 = Release|Any CPU
		{765DC8F4-91EC-4275-A907-790DD87E5114}.Profile|Mixed Platforms.ActiveCfg = Release|Any CPU
		{765DC8F4-91EC-4275-A907-790DD87E5114}.Profile|Mixed Platforms.Build.0 = Release|Any CPU
		{765DC8F4-91EC-4275-A907-790DD87E5114}.Profile|x86.ActiveCfg = Release|Any CPU
		{765DC8F4-91EC-4275-A907-790DD87E5114}.Release|Any CPU.ActiveCfg = Release|Any CPU
		{765DC8F4-91EC-4275-A907-790DD87E5114}.Release|Any CPU.Build.0 = Release|Any CPU
		{765DC8F4-91EC-4275-A907-790DD87E5114}.Release|Mixed Platforms.ActiveCfg = Release|Any CPU
		{765DC8F4-91EC-4275-A907-790DD87E5114}.Release|Mixed Platforms.Build.0 = Release|Any CPU
		{765DC8F4-91EC-4275-A907-790DD87E5114}.Release|x86.ActiveCfg = Release|Any CPU
		{F9AB9DD8-A342-4D58-BBB9-E15184E7F522}.Debug|Any CPU.ActiveCfg = Debug|Any CPU
		{F9AB9DD8-A342-4D58-BBB9-E15184E7F522}.Debug|Any CPU.Build.0 = Debug|Any CPU
		{F9AB9DD8-A342-4D58-BBB9-E15184E7F522}.Debug|Mixed Platforms.ActiveCfg = Debug|x86
		{F9AB9DD8-A342-4D58-BBB9-E15184E7F522}.Debug|Mixed Platforms.Build.0 = Debug|x86
		{F9AB9DD8-A342-4D58-BBB9-E15184E7F522}.Debug|x86.ActiveCfg = Debug|Any CPU
		{F9AB9DD8-A342-4D58-BBB9-E15184E7F522}.DebugProfile|Any CPU.ActiveCfg = Debug|Any CPU
		{F9AB9DD8-A342-4D58-BBB9-E15184E7F522}.DebugProfile|Any CPU.Build.0 = Debug|Any CPU
		{F9AB9DD8-A342-4D58-BBB9-E15184E7F522}.DebugProfile|Mixed Platforms.ActiveCfg = Debug|Any CPU
		{F9AB9DD8-A342-4D58-BBB9-E15184E7F522}.DebugProfile|Mixed Platforms.Build.0 = Debug|Any CPU
		{F9AB9DD8-A342-4D58-BBB9-E15184E7F522}.DebugProfile|x86.ActiveCfg = Debug|Any CPU
		{F9AB9DD8-A342-4D58-BBB9-E15184E7F522}.Profile|Any CPU.ActiveCfg = Release|Any CPU
		{F9AB9DD8-A342-4D58-BBB9-E15184E7F522}.Profile|Any CPU.Build.0 = Release|Any CPU
		{F9AB9DD8-A342-4D58-BBB9-E15184E7F522}.Profile|Mixed Platforms.ActiveCfg = Release|Any CPU
		{F9AB9DD8-A342-4D58-BBB9-E15184E7F522}.Profile|Mixed Platforms.Build.0 = Release|Any CPU
		{F9AB9DD8-A342-4D58-BBB9-E15184E7F522}.Profile|x86.ActiveCfg = Release|Any CPU
		{F9AB9DD8-A342-4D58-BBB9-E15184E7F522}.Release|Any CPU.ActiveCfg = Release|Any CPU
		{F9AB9DD8-A342-4D58-BBB9-E15184E7F522}.Release|Any CPU.Build.0 = Release|Any CPU
		{F9AB9DD8-A342-4D58-BBB9-E15184E7F522}.Release|Mixed Platforms.ActiveCfg = Release|Any CPU
		{F9AB9DD8-A342-4D58-BBB9-E15184E7F522}.Release|Mixed Platforms.Build.0 = Release|Any CPU
		{F9AB9DD8-A342-4D58-BBB9-E15184E7F522}.Release|x86.ActiveCfg = Release|Any CPU
	EndGlobalSection
	GlobalSection(SolutionProperties) = preSolution
		HideSolutionNode = FALSE
	EndGlobalSection
EndGlobal
